
Microsoft Visual Studio Solution File, Format Version 12.00
# Visual Studio Version 16
VisualStudioVersion = 16.0.30907.101
MinimumVisualStudioVersion = 10.0.40219.1
Project("{9A19103F-16F7-4668-BE54-9A1E7A4F7556}") = "IS413_Temple_Signup_ZS", "IS413_Temple_Signup_ZS.csproj", "{A06BB959-7CF8-4670-9790-280F13AA8862}"
EndProject
Global
	GlobalSection(SolutionConfigurationPlatforms) = preSolution
		Debug|Any CPU = Debug|Any CPU
		Release|Any CPU = Release|Any CPU
	EndGlobalSection
	GlobalSection(ProjectConfigurationPlatforms) = postSolution
		{A06BB959-7CF8-4670-9790-280F13AA8862}.Debug|Any CPU.ActiveCfg = Debug|Any CPU
		{A06BB959-7CF8-4670-9790-280F13AA8862}.Debug|Any CPU.Build.0 = Debug|Any CPU
		{A06BB959-7CF8-4670-9790-280F13AA8862}.Release|Any CPU.ActiveCfg = Release|Any CPU
		{A06BB959-7CF8-4670-9790-280F13AA8862}.Release|Any CPU.Build.0 = Release|Any CPU
	EndGlobalSection
	GlobalSection(SolutionProperties) = preSolution
		HideSolutionNode = FALSE
	EndGlobalSection
	GlobalSection(ExtensibilityGlobals) = postSolution
		SolutionGuid = {7CB19927-0B7A-4F9F-9D04-5F430EB92358}
	EndGlobalSection
EndGlobal
